PODS:
  - BubbleTask (0.0.1):
    - BubbleTask/Release (= 0.0.1)
  - BubbleTask/Release (0.0.1)

DEPENDENCIES:
  - BubbleTask (from `../`)

EXTERNAL SOURCES:
  BubbleTask:
    :path: "../"

SPEC CHECKSUMS:
  BubbleTask: 395e75e864be7db22009fd36a7e2e8a79d2c5cc4

PODFILE CHECKSUM: 2380773d902c4f51deda2c78c177432c5d491eef

COCOAPODS: 1.11.3
